
Microsoft Visual Studio Solution File, Format Version 11.00
# Visual Studio 2010
Project("{FAE04EC0-301F-11D3-BF4B-00C04F79EFBC}") = "EasyEF.WCFService", "EasyEF.WCFService\EasyEF.WCFService.csproj", "{8019CBA0-2B35-401E-B338-EB75124A4055}"
EndProject
Project("{FAE04EC0-301F-11D3-BF4B-00C04F79EFBC}") = "EasyEF.Contract", "EasyEF.Contract\EasyEF.Contract.csproj", "{9A3516C6-7BD5-4943-B50C-7299EF181B29}"
EndProject
Project("{FAE04EC0-301F-11D3-BF4B-00C04F79EFBC}") = "EasyEF.Models", "EasyEF.Models\EasyEF.Models.csproj", "{A58F8E81-B319-4EA7-ACEF-AC3DCF979099}"
EndProject
Project("{FAE04EC0-301F-11D3-BF4B-00C04F79EFBC}") = "EasyEF.BLL", "EasyEF.BLL\EasyEF.BLL.csproj", "{3CC6E094-9ACF-464D-8E31-8BA9DBBBCB97}"
EndProject
Project("{FAE04EC0-301F-11D3-BF4B-00C04F79EFBC}") = "EasyEF.IDAL", "EasyEF.IDAL\EasyEF.IDAL.csproj", "{C0051D64-E5CB-4833-A441-1FDB68B02CA1}"
EndProject
Project("{FAE04EC0-301F-11D3-BF4B-00C04F79EFBC}") = "EasyEF.DAL", "EasyEF.DAL\EasyEF.DAL.csproj", "{F3273207-75B3-497D-8BAE-369939492361}"
EndProject
Project("{FAE04EC0-301F-11D3-BF4B-00C04F79EFBC}") = "EasyEF.Web", "EasyEF.Web\EasyEF.Web.csproj", "{71C2145F-F4CC-4264-9F79-50F30CE28665}"
EndProject
Project("{FAE04EC0-301F-11D3-BF4B-00C04F79EFBC}") = "EasyEF.WCFClientProxy", "EasyEF.WCFClientProxy\EasyEF.WCFClientProxy.csproj", "{4F7D6789-B9DC-4940-9E4B-B323A72DE41E}"
EndProject
Project("{FAE04EC0-301F-11D3-BF4B-00C04F79EFBC}") = "EasyEF.Utility", "EasyEF.Utility\EasyEF.Utility.csproj", "{449732C5-C6E9-4328-8B31-F4974F09C486}"
EndProject
Project("{2150E333-8FDC-42A3-9474-1A3956D46DE8}") = "Backend", "Backend", "{5B591598-03BD-46EC-9ED4-BD0C8AC7081C}"
EndProject
Project("{2150E333-8FDC-42A3-9474-1A3956D46DE8}") = "Frontend", "Frontend", "{785A040C-2830-4C50-8EBB-4978D13ED1A8}"
EndProject
Project("{2150E333-8FDC-42A3-9474-1A3956D46DE8}") = "Common", "Common", "{D03FDA66-7E5C-4AA2-84DF-5E0881DFE4EE}"
EndProject
Project("{FAE04EC0-301F-11D3-BF4B-00C04F79EFBC}") = "EasyEF.Common", "EasyEF.Common\EasyEF.Common.csproj", "{0DF243F0-CCC7-4702-BA3F-DDEF8780337D}"
EndProject
Project("{FAE04EC0-301F-11D3-BF4B-00C04F79EFBC}") = "EasyEF.Controls", "EasyEF.Controls\EasyEF.Controls.csproj", "{061213EE-BE8E-4903-B301-09D6AD7881E8}"
EndProject
Project("{FAE04EC0-301F-11D3-BF4B-00C04F79EFBC}") = "EasyEF.WCFExtension", "EasyEF.WCFExtension\EasyEF.WCFExtension.csproj", "{7BEAC95A-C242-4E50-B3D2-7C6CCA20D0F9}"
EndProject
Global
	GlobalSection(SolutionConfigurationPlatforms) = preSolution
		Debug|Any CPU = Debug|Any CPU
		Release|Any CPU = Release|Any CPU
	EndGlobalSection
	GlobalSection(ProjectConfigurationPlatforms) = postSolution
		{8019CBA0-2B35-401E-B338-EB75124A4055}.Debug|Any CPU.ActiveCfg = Debug|Any CPU
		{8019CBA0-2B35-401E-B338-EB75124A4055}.Debug|Any CPU.Build.0 = Debug|Any CPU
		{8019CBA0-2B35-401E-B338-EB75124A4055}.Release|Any CPU.ActiveCfg = Release|Any CPU
		{8019CBA0-2B35-401E-B338-EB75124A4055}.Release|Any CPU.Build.0 = Release|Any CPU
		{9A3516C6-7BD5-4943-B50C-7299EF181B29}.Debug|Any CPU.ActiveCfg = Debug|Any CPU
		{9A3516C6-7BD5-4943-B50C-7299EF181B29}.Debug|Any CPU.Build.0 = Debug|Any CPU
		{9A3516C6-7BD5-4943-B50C-7299EF181B29}.Release|Any CPU.ActiveCfg = Release|Any CPU
		{9A3516C6-7BD5-4943-B50C-7299EF181B29}.Release|Any CPU.Build.0 = Release|Any CPU
		{A58F8E81-B319-4EA7-ACEF-AC3DCF979099}.Debug|Any CPU.ActiveCfg = Debug|Any CPU
		{A58F8E81-B319-4EA7-ACEF-AC3DCF979099}.Debug|Any CPU.Build.0 = Debug|Any CPU
		{A58F8E81-B319-4EA7-ACEF-AC3DCF979099}.Release|Any CPU.ActiveCfg = Release|Any CPU
		{A58F8E81-B319-4EA7-ACEF-AC3DCF979099}.Release|Any CPU.Build.0 = Release|Any CPU
		{3CC6E094-9ACF-464D-8E31-8BA9DBBBCB97}.Debug|Any CPU.ActiveCfg = Debug|Any CPU
		{3CC6E094-9ACF-464D-8E31-8BA9DBBBCB97}.Debug|Any CPU.Build.0 = Debug|Any CPU
		{3CC6E094-9ACF-464D-8E31-8BA9DBBBCB97}.Release|Any CPU.ActiveCfg = Release|Any CPU
		{3CC6E094-9ACF-464D-8E31-8BA9DBBBCB97}.Release|Any CPU.Build.0 = Release|Any CPU
		{C0051D64-E5CB-4833-A441-1FDB68B02CA1}.Debug|Any CPU.ActiveCfg = Debug|Any CPU
		{C0051D64-E5CB-4833-A441-1FDB68B02CA1}.Debug|Any CPU.Build.0 = Debug|Any CPU
		{C0051D64-E5CB-4833-A441-1FDB68B02CA1}.Release|Any CPU.ActiveCfg = Release|Any CPU
		{C0051D64-E5CB-4833-A441-1FDB68B02CA1}.Release|Any CPU.Build.0 = Release|Any CPU
		{F3273207-75B3-497D-8BAE-369939492361}.Debug|Any CPU.ActiveCfg = Debug|Any CPU
		{F3273207-75B3-497D-8BAE-369939492361}.Debug|Any CPU.Build.0 = Debug|Any CPU
		{F3273207-75B3-497D-8BAE-369939492361}.Release|Any CPU.ActiveCfg = Release|Any CPU
		{F3273207-75B3-497D-8BAE-369939492361}.Release|Any CPU.Build.0 = Release|Any CPU
		{71C2145F-F4CC-4264-9F79-50F30CE28665}.Debug|Any CPU.ActiveCfg = Debug|Any CPU
		{71C2145F-F4CC-4264-9F79-50F30CE28665}.Debug|Any CPU.Build.0 = Debug|Any CPU
		{71C2145F-F4CC-4264-9F79-50F30CE28665}.Release|Any CPU.ActiveCfg = Release|Any CPU
		{71C2145F-F4CC-4264-9F79-50F30CE28665}.Release|Any CPU.Build.0 = Release|Any CPU
		{4F7D6789-B9DC-4940-9E4B-B323A72DE41E}.Debug|Any CPU.ActiveCfg = Debug|Any CPU
		{4F7D6789-B9DC-4940-9E4B-B323A72DE41E}.Debug|Any CPU.Build.0 = Debug|Any CPU
		{4F7D6789-B9DC-4940-9E4B-B323A72DE41E}.Release|Any CPU.ActiveCfg = Release|Any CPU
		{4F7D6789-B9DC-4940-9E4B-B323A72DE41E}.Release|Any CPU.Build.0 = Release|Any CPU
		{449732C5-C6E9-4328-8B31-F4974F09C486}.Debug|Any CPU.ActiveCfg = Debug|Any CPU
		{449732C5-C6E9-4328-8B31-F4974F09C486}.Debug|Any CPU.Build.0 = Debug|Any CPU
		{449732C5-C6E9-4328-8B31-F4974F09C486}.Release|Any CPU.ActiveCfg = Release|Any CPU
		{449732C5-C6E9-4328-8B31-F4974F09C486}.Release|Any CPU.Build.0 = Release|Any CPU
		{0DF243F0-CCC7-4702-BA3F-DDEF8780337D}.Debug|Any CPU.ActiveCfg = Debug|Any CPU
		{0DF243F0-CCC7-4702-BA3F-DDEF8780337D}.Debug|Any CPU.Build.0 = Debug|Any CPU
		{0DF243F0-CCC7-4702-BA3F-DDEF8780337D}.Release|Any CPU.ActiveCfg = Release|Any CPU
		{0DF243F0-CCC7-4702-BA3F-DDEF8780337D}.Release|Any CPU.Build.0 = Release|Any CPU
		{061213EE-BE8E-4903-B301-09D6AD7881E8}.Debug|Any CPU.ActiveCfg = Debug|Any CPU
		{061213EE-BE8E-4903-B301-09D6AD7881E8}.Debug|Any CPU.Build.0 = Debug|Any CPU
		{061213EE-BE8E-4903-B301-09D6AD7881E8}.Release|Any CPU.ActiveCfg = Release|Any CPU
		{061213EE-BE8E-4903-B301-09D6AD7881E8}.Release|Any CPU.Build.0 = Release|Any CPU
		{7BEAC95A-C242-4E50-B3D2-7C6CCA20D0F9}.Debug|Any CPU.ActiveCfg = Debug|Any CPU
		{7BEAC95A-C242-4E50-B3D2-7C6CCA20D0F9}.Debug|Any CPU.Build.0 = Debug|Any CPU
		{7BEAC95A-C242-4E50-B3D2-7C6CCA20D0F9}.Release|Any CPU.ActiveCfg = Release|Any CPU
		{7BEAC95A-C242-4E50-B3D2-7C6CCA20D0F9}.Release|Any CPU.Build.0 = Release|Any CPU
	EndGlobalSection
	GlobalSection(SolutionProperties) = preSolution
		HideSolutionNode = FALSE
	EndGlobalSection
	GlobalSection(NestedProjects) = preSolution
		{3CC6E094-9ACF-464D-8E31-8BA9DBBBCB97} = {5B591598-03BD-46EC-9ED4-BD0C8AC7081C}
		{C0051D64-E5CB-4833-A441-1FDB68B02CA1} = {5B591598-03BD-46EC-9ED4-BD0C8AC7081C}
		{F3273207-75B3-497D-8BAE-369939492361} = {5B591598-03BD-46EC-9ED4-BD0C8AC7081C}
		{8019CBA0-2B35-401E-B338-EB75124A4055} = {5B591598-03BD-46EC-9ED4-BD0C8AC7081C}
		{A58F8E81-B319-4EA7-ACEF-AC3DCF979099} = {D03FDA66-7E5C-4AA2-84DF-5E0881DFE4EE}
		{449732C5-C6E9-4328-8B31-F4974F09C486} = {D03FDA66-7E5C-4AA2-84DF-5E0881DFE4EE}
		{9A3516C6-7BD5-4943-B50C-7299EF181B29} = {D03FDA66-7E5C-4AA2-84DF-5E0881DFE4EE}
		{0DF243F0-CCC7-4702-BA3F-DDEF8780337D} = {D03FDA66-7E5C-4AA2-84DF-5E0881DFE4EE}
		{7BEAC95A-C242-4E50-B3D2-7C6CCA20D0F9} = {D03FDA66-7E5C-4AA2-84DF-5E0881DFE4EE}
		{4F7D6789-B9DC-4940-9E4B-B323A72DE41E} = {785A040C-2830-4C50-8EBB-4978D13ED1A8}
		{71C2145F-F4CC-4264-9F79-50F30CE28665} = {785A040C-2830-4C50-8EBB-4978D13ED1A8}
		{061213EE-BE8E-4903-B301-09D6AD7881E8} = {785A040C-2830-4C50-8EBB-4978D13ED1A8}
	EndGlobalSection
EndGlobal
